DEPENDENCIES
  apache2 (~> 3.0)
  apt
  graft
    path: graft
  locale
  mailcatcher (~> 0.1.0)
  memcached (~> 3.0)
  mysql (~> 7.0)
  nodejs (~> 2.0)
  rvm_sl
  system
  vim

GRAPH
  apache2 (3.2.2)
  apt (4.0.1)
    compat_resource (>= 12.10)
  ark (1.2.0)
    build-essential (>= 0.0.0)
    seven_zip (>= 0.0.0)
    windows (>= 0.0.0)
  build-essential (6.0.2)
    compat_resource (>= 12.10)
    mingw (>= 1.1)
    seven_zip (>= 0.0.0)
  chef_handler (1.4.0)
  compat_resource (12.10.7)
  cron (1.7.6)
  graft (0.1.0)
    apache2 (>= 0.0.0)
    apt (>= 0.0.0)
    memcached (>= 0.0.0)
    mysql (>= 0.0.0)
    nodejs (>= 0.0.0)
    rvm_sl (>= 0.0.0)
  homebrew (2.1.0)
    build-essential (>= 2.1.2)
  hostsfile (2.4.5)
  locale (1.1.0)
  mailcatcher (0.1.0)
  memcached (3.0.1)
    compat_resource (>= 12.10)
    runit (>= 1.2.0)
    yum-epel (>= 0.0.0)
  mingw (1.2.3)
    compat_resource (>= 0.0.0)
    seven_zip (>= 0.0.0)
  mysql (7.2.0)
    smf (>= 0.0.0)
    yum-mysql-community (>= 0.0.0)
  nodejs (2.4.4)
    apt (>= 0.0.0)
    ark (>= 0.0.0)
    build-essential (>= 0.0.0)
    homebrew (>= 0.0.0)
    yum-epel (>= 0.0.0)
  packagecloud (0.2.4)
  rbac (1.0.3)
  runit (1.8.0)
    packagecloud (>= 0.0.0)
    yum-epel (>= 0.0.0)
  rvm_sl (2.0.0)
  seven_zip (2.0.1)
    windows (>= 1.2.2)
  smf (2.2.8)
    rbac (>= 1.0.1)
  system (0.11.0)
    apt (>= 0.0.0)
    cron (>= 0.0.0)
    hostsfile (>= 0.0.0)
  vim (2.0.1)
  windows (1.44.1)
    chef_handler (>= 0.0.0)
  yum (3.11.0)
  yum-epel (0.7.0)
    yum (>= 3.6.3)
  yum-mysql-community (0.3.0)
    yum (>= 3.2)
